{
  "name": "BE-VCDTT",
  "lockfileVersion": 3,
  "requires": true,
  "packages": {
    "": {
      "dependencies": {
        "laravel-echo": "^1.15.3",
        "pusher-js": "^8.3.0"
      }
    },
    "node_modules/laravel-echo": {
      "version": "1.15.3",
      "resolved": "https://registry.npmjs.org/laravel-echo/-/laravel-echo-1.15.3.tgz",
      "integrity": "sha512-SRXzccaat6w4qKgZ4/rjFKr3nJfVxB+ly4V0MEJNIF1/TpERNXepo3uk7NnOjBGsiV/np1fl2XitAzW4Sa1s/w==",
      "engines": {
        "node": ">=10"
      }
    },
    "node_modules/pusher-js": {
      "version": "8.3.0",
      "resolved": "https://registry.npmjs.org/pusher-js/-/pusher-js-8.3.0.tgz",
      "integrity": "sha512-6GohP06WlVeomAQQe9qWh1IDzd3+InluWt+ZUOcecVK1SEQkg6a8uYVsvxSJm7cbccfmHhE0jDkmhKIhue8vmA==",
      "dependencies": {
        "tweetnacl": "^1.0.3"
      }
    },
    "node_modules/tweetnacl": {
      "version": "1.0.3",
      "resolved": "https://registry.npmjs.org/tweetnacl/-/tweetnacl-1.0.3.tgz",
      "integrity": "sha512-6rt+RN7aOi1nGMyC4Xa5DdYiukl2UWCbcJft7YhxReBGQD7OAM8Pbxw6YMo4r2diNEA8FEmu32YOn9rhaiE5yw=="
    }
  }
}
